{
  "nodes": {
    "flake-utils": {
      "locked": {
        "lastModified": 1652776076,
        "narHash": "sha256-gzTw/v1vj4dOVbpBSJX4J0DwUR6LIyXo7/SuuTJp1kM=",
        "owner": "numtide",
        "repo": "flake-utils",
        "rev": "04c1b180862888302ddfb2e3ad9eaa63afc60cf8",
        "type": "github"
      },
      "original": {
        "owner": "numtide",
        "repo": "flake-utils",
        "type": "github"
      }
    },
    "flake-utils_2": {
      "locked": {
        "lastModified": 1656065134,
        "narHash": "sha256-oc6E6ByIw3oJaIyc67maaFcnjYOz1mMcOtHxbEf9NwQ=",
        "owner": "numtide",
        "repo": "flake-utils",
        "rev": "bee6a7250dd1b01844a2de7e02e4df7d8a0a206c",
        "type": "github"
      },
      "original": {
        "owner": "numtide",
        "repo": "flake-utils",
        "type": "github"
      }
    },
    "nixpkgs": {
      "locked": {
        "lastModified": 1653229824,
        "narHash": "sha256-klSCYMpR4TqWYoTD/xZ2qM9UIPRFC6pK+S/kJuVLbFw=",
        "owner": "NixOS",
        "repo": "nixpkgs",
        "rev": "06db2e2197401b74fcf82d4e84be15b0b5851c7b",
        "type": "github"
      },
      "original": {
        "owner": "NixOS",
        "ref": "nixos-21.11",
        "repo": "nixpkgs",
        "type": "github"
      }
    },
    "nixpkgs-with-lm4tools": {
      "locked": {
        "lastModified": 1653918389,
        "narHash": "sha256-1qL6GtW+OkKJsR75lnkU6WXAtD94B+byCXqZLCeYDEw=",
        "owner": "rrbutani",
        "repo": "nixpkgs",
        "rev": "85d9d30d44b212497d5a069da40787f814232240",
        "type": "github"
      },
      "original": {
        "owner": "rrbutani",
        "ref": "feature/lm4tools",
        "repo": "nixpkgs",
        "type": "github"
      }
    },
    "nixpkgs_2": {
      "locked": {
        "lastModified": 1656401090,
        "narHash": "sha256-bUS2nfQsvTQW2z8SK7oEFSElbmoBahOPtbXPm0AL3I4=",
        "owner": "NixOS",
        "repo": "nixpkgs",
        "rev": "16de63fcc54e88b9a106a603038dd5dd2feb21eb",
        "type": "github"
      },
      "original": {
        "owner": "NixOS",
        "ref": "nixpkgs-unstable",
        "repo": "nixpkgs",
        "type": "github"
      }
    },
    "root": {
      "inputs": {
        "flake-utils": "flake-utils",
        "nixpkgs": "nixpkgs",
        "nixpkgs-with-lm4tools": "nixpkgs-with-lm4tools",
        "rust-overlay": "rust-overlay"
      }
    },
    "rust-overlay": {
      "inputs": {
        "flake-utils": "flake-utils_2",
        "nixpkgs": "nixpkgs_2"
      },
      "locked": {
        "lastModified": 1657075953,
        "narHash": "sha256-xVgbASGI/wODPpUiMexxZau+XDVOZMBbFmw2KsZyFKA=",
        "owner": "oxalica",
        "repo": "rust-overlay",
        "rev": "339de634e6f19e420e81d5a6acaa39364a726999",
        "type": "github"
      },
      "original": {
        "owner": "oxalica",
        "repo": "rust-overlay",
        "type": "github"
      }
    }
  },
  "root": "root",
  "version": 7
}
